// !$*UTF8*$!
{
	archiveVersion = 1;
	classes = {
	};
	objectVersion = 52;
	objects = {

/* Begin PBXBuildFile section */
		514D430623C70EE50043DC94 /* LibtessSPM in Frameworks */ = {isa = PBXBuildFile; productRef = 514D430523C70EE50043DC94 /* LibtessSPM */; };
		51A4979B23B50F0900A3E6D6 /* MBETextTypes.swift in Sources */ = {isa = PBXBuildFile; fileRef = 51A4979A23B50F0900A3E6D6 /* MBETextTypes.swift */; };
		51A4979E23B5172900A3E6D6 /* Shaders.metal in Sources */ = {isa = PBXBuildFile; fileRef = 51A4979D23B5172900A3E6D6 /* Shaders.metal */; };
		51FDFA3F23C701B3001931AA /* README.md in Resources */ = {isa = PBXBuildFile; fileRef = 51FDFA3E23C701B3001931AA /* README.md */; };
		51FDFA4323C70B4F001931AA /* LICENSE in Resources */ = {isa = PBXBuildFile; fileRef = 51FDFA4223C70B4F001931AA /* LICENSE */; };
		51FEF78823B50C37009AC7BE /* AppDelegate.swift in Sources */ = {isa = PBXBuildFile; fileRef = 51FEF78723B50C37009AC7BE /* AppDelegate.swift */; };
		51FEF78A23B50C37009AC7BE /* SceneDelegate.swift in Sources */ = {isa = PBXBuildFile; fileRef = 51FEF78923B50C37009AC7BE /* SceneDelegate.swift */; };
		51FEF78C23B50C37009AC7BE /* ViewController.swift in Sources */ = {isa = PBXBuildFile; fileRef = 51FEF78B23B50C37009AC7BE /* ViewController.swift */; };
		51FEF78F23B50C37009AC7BE /* Main.storyboard in Resources */ = {isa = PBXBuildFile; fileRef = 51FEF78D23B50C37009AC7BE /* Main.storyboard */; };
		51FEF79123B50C3B009AC7BE /* Assets.xcassets in Resources */ = {isa = PBXBuildFile; fileRef = 51FEF79023B50C3B009AC7BE /* Assets.xcassets */; };
		51FEF79423B50C3B009AC7BE /* LaunchScreen.storyboard in Resources */ = {isa = PBXBuildFile; fileRef = 51FEF79223B50C3B009AC7BE /* LaunchScreen.storyboard */; };
		51FEF79C23B50C6E009AC7BE /* Renderer.swift in Sources */ = {isa = PBXBuildFile; fileRef = 51FEF79B23B50C6E009AC7BE /* Renderer.swift */; };
		51FEF79F23B50D28009AC7BE /* MBETextMesh.swift in Sources */ = {isa = PBXBuildFile; fileRef = 51FEF79E23B50D28009AC7BE /* MBETextMesh.swift */; };
/* End PBXBuildFile section */

/* Begin PBXFileReference section */
		51A4979A23B50F0900A3E6D6 /* MBETextTypes.swift */ = {isa = PBXFileReference; fileEncoding = 4; lastKnownFileType = sourcecode.swift; path = MBETextTypes.swift; sourceTree = "<group>"; };
		51A4979C23B516CE00A3E6D6 /* LibtessSPMExample.entitlements */ = {isa = PBXFileReference; lastKnownFileType = text.plist.entitlements; path = LibtessSPMExample.entitlements; sourceTree = "<group>"; };
		51A4979D23B5172900A3E6D6 /* Shaders.metal */ = {isa = PBXFileReference; fileEncoding = 4; lastKnownFileType = sourcecode.metal; path = Shaders.metal; sourceTree = "<group>"; };
		51FDFA3E23C701B3001931AA /* README.md */ = {isa = PBXFileReference; fileEncoding = 4; lastKnownFileType = net.daringfireball.markdown; path = README.md; sourceTree = "<group>"; };
		51FDFA4223C70B4F001931AA /* LICENSE */ = {isa = PBXFileReference; fileEncoding = 4; lastKnownFileType = text; path = LICENSE; sourceTree = "<group>"; };
		51FEF78423B50C37009AC7BE /* LibtessSPMExample.app */ = {isa = PBXFileReference; explicitFileType = wrapper.application; includeInIndex = 0; path = LibtessSPMExample.app; sourceTree = BUILT_PRODUCTS_DIR; };
		51FEF78723B50C37009AC7BE /* AppDelegate.swift */ = {isa = PBXFileReference; lastKnownFileType = sourcecode.swift; path = AppDelegate.swift; sourceTree = "<group>"; };
		51FEF78923B50C37009AC7BE /* SceneDelegate.swift */ = {isa = PBXFileReference; lastKnownFileType = sourcecode.swift; path = SceneDelegate.swift; sourceTree = "<group>"; };
		51FEF78B23B50C37009AC7BE /* ViewController.swift */ = {isa = PBXFileReference; lastKnownFileType = sourcecode.swift; path = ViewController.swift; sourceTree = "<group>"; };
		51FEF78E23B50C37009AC7BE /* Base */ = {isa = PBXFileReference; lastKnownFileType = file.storyboard; name = Base; path = Base.lproj/Main.storyboard; sourceTree = "<group>"; };
		51FEF79023B50C3B009AC7BE /* Assets.xcassets */ = {isa = PBXFileReference; lastKnownFileType = folder.assetcatalog; path = Assets.xcassets; sourceTree = "<group>"; };
		51FEF79323B50C3B009AC7BE /* Base */ = {isa = PBXFileReference; lastKnownFileType = file.storyboard; name = Base; path = Base.lproj/LaunchScreen.storyboard; sourceTree = "<group>"; };
		51FEF79523B50C3B009AC7BE /* Info.plist */ = {isa = PBXFileReference; lastKnownFileType = text.plist.xml; path = Info.plist; sourceTree = "<group>"; };
		51FEF79B23B50C6E009AC7BE /* Renderer.swift */ = {isa = PBXFileReference; fileEncoding = 4; lastKnownFileType = sourcecode.swift; path = Renderer.swift; sourceTree = "<group>"; };
		51FEF79D23B50CC4009AC7BE /* Common.h */ = {isa = PBXFileReference; lastKnownFileType = sourcecode.c.h; path = Common.h; sourceTree = "<group>"; };
		51FEF79E23B50D28009AC7BE /* MBETextMesh.swift */ = {isa = PBXFileReference; fileEncoding = 4; lastKnownFileType = sourcecode.swift; path = MBETextMesh.swift; sourceTree = "<group>"; };
/* End PBXFileReference section */

/* Begin PBXFrameworksBuildPhase section */
		51FEF78123B50C37009AC7BE /* Frameworks */ = {
			isa = PBXFrameworksBuildPhase;
			buildActionMask = 2147483647;
			files = (
				514D430623C70EE50043DC94 /* LibtessSPM in Frameworks */,
			);
			runOnlyForDeploymentPostprocessing = 0;
		};
/* End PBXFrameworksBuildPhase section */

/* Begin PBXGroup section */
		51FEF77B23B50C37009AC7BE = {
			isa = PBXGroup;
			children = (
				51FDFA3E23C701B3001931AA /* README.md */,
				51FDFA4223C70B4F001931AA /* LICENSE */,
				51FEF78623B50C37009AC7BE /* LibtessSPMExample */,
				51FEF78523B50C37009AC7BE /* Products */,
			);
			sourceTree = "<group>";
		};
		51FEF78523B50C37009AC7BE /* Products */ = {
			isa = PBXGroup;
			children = (
				51FEF78423B50C37009AC7BE /* LibtessSPMExample.app */,
			);
			name = Products;
			sourceTree = "<group>";
		};
		51FEF78623B50C37009AC7BE /* LibtessSPMExample */ = {
			isa = PBXGroup;
			children = (
				51A4979C23B516CE00A3E6D6 /* LibtessSPMExample.entitlements */,
				51FEF78723B50C37009AC7BE /* AppDelegate.swift */,
				51FEF78923B50C37009AC7BE /* SceneDelegate.swift */,
				51FEF78B23B50C37009AC7BE /* ViewController.swift */,
				51FEF79E23B50D28009AC7BE /* MBETextMesh.swift */,
				51A4979A23B50F0900A3E6D6 /* MBETextTypes.swift */,
				51FEF79B23B50C6E009AC7BE /* Renderer.swift */,
				51FEF79D23B50CC4009AC7BE /* Common.h */,
				51A4979D23B5172900A3E6D6 /* Shaders.metal */,
				51FEF78D23B50C37009AC7BE /* Main.storyboard */,
				51FEF79023B50C3B009AC7BE /* Assets.xcassets */,
				51FEF79223B50C3B009AC7BE /* LaunchScreen.storyboard */,
				51FEF79523B50C3B009AC7BE /* Info.plist */,
			);
			path = LibtessSPMExample;
			sourceTree = "<group>";
		};
/* End PBXGroup section */

/* Begin PBXNativeTarget section */
		51FEF78323B50C37009AC7BE /* LibtessSPMExample */ = {
			isa = PBXNativeTarget;
			buildConfigurationList = 51FEF79823B50C3B009AC7BE /* Build configuration list for PBXNativeTarget "LibtessSPMExample" */;
			buildPhases = (
				51FEF78023B50C37009AC7BE /* Sources */,
				51FEF78123B50C37009AC7BE /* Frameworks */,
				51FEF78223B50C37009AC7BE /* Resources */,
			);
			buildRules = (
			);
			dependencies = (
			);
			name = LibtessSPMExample;
			packageProductDependencies = (
				514D430523C70EE50043DC94 /* LibtessSPM */,
			);
			productName = LibtessSPMExample;
			productReference = 51FEF78423B50C37009AC7BE /* LibtessSPMExample.app */;
			productType = "com.apple.product-type.application";
		};
/* End PBXNativeTarget section */

/* Begin PBXProject section */
		51FEF77C23B50C37009AC7BE /* Project object */ = {
			isa = PBXProject;
			attributes = {
				LastSwiftUpdateCheck = 1130;
				LastUpgradeCheck = 1130;
				ORGANIZATIONNAME = "Vasiliy Shaydullin";
				TargetAttributes = {
					51FEF78323B50C37009AC7BE = {
						CreatedOnToolsVersion = 11.3;
					};
				};
			};
			buildConfigurationList = 51FEF77F23B50C37009AC7BE /* Build configuration list for PBXProject "LibtessSPMExample" */;
			compatibilityVersion = "Xcode 9.3";
			developmentRegion = en;
			hasScannedForEncodings = 0;
			knownRegions = (
				en,
				Base,
			);
			mainGroup = 51FEF77B23B50C37009AC7BE;
			packageReferences = (
				514D430423C70EE50043DC94 /* XCRemoteSwiftPackageReference "LibtessSPM" */,
			);
			productRefGroup = 51FEF78523B50C37009AC7BE /* Products */;
			projectDirPath = "";
			projectRoot = "";
			targets = (
				51FEF78323B50C37009AC7BE /* LibtessSPMExample */,
			);
		};
/* End PBXProject section */

/* Begin PBXResourcesBuildPhase section */
		51FEF78223B50C37009AC7BE /* Resources */ = {
			isa = PBXResourcesBuildPhase;
			buildActionMask = 2147483647;
			files = (
				51FEF79423B50C3B009AC7BE /* LaunchScreen.storyboard in Resources */,
				51FEF79123B50C3B009AC7BE /* Assets.xcassets in Resources */,
				51FDFA3F23C701B3001931AA /* README.md in Resources */,
				51FDFA4323C70B4F001931AA /* LICENSE in Resources */,
				51FEF78F23B50C37009AC7BE /* Main.storyboard in Resources */,
			);
			runOnlyForDeploymentPostprocessing = 0;
		};
/* End PBXResourcesBuildPhase section */

/* Begin PBXSourcesBuildPhase section */
		51FEF78023B50C37009AC7BE /* Sources */ = {
			isa = PBXSourcesBuildPhase;
			buildActionMask = 2147483647;
			files = (
				51FEF79F23B50D28009AC7BE /* MBETextMesh.swift in Sources */,
				51A4979E23B5172900A3E6D6 /* Shaders.metal in Sources */,
				51A4979B23B50F0900A3E6D6 /* MBETextTypes.swift in Sources */,
				51FEF79C23B50C6E009AC7BE /* Renderer.swift in Sources */,
				51FEF78C23B50C37009AC7BE /* ViewController.swift in Sources */,
				51FEF78823B50C37009AC7BE /* AppDelegate.swift in Sources */,
				51FEF78A23B50C37009AC7BE /* SceneDelegate.swift in Sources */,
			);
			runOnlyForDeploymentPostprocessing = 0;
		};
/* End PBXSourcesBuildPhase section */

/* Begin PBXVariantGroup section */
		51FEF78D23B50C37009AC7BE /* Main.storyboard */ = {
			isa = PBXVariantGroup;
			children = (
				51FEF78E23B50C37009AC7BE /* Base */,
			);
			name = Main.storyboard;
			sourceTree = "<group>";
		};
		51FEF79223B50C3B009AC7BE /* LaunchScreen.storyboard */ = {
			isa = PBXVariantGroup;
			children = (
				51FEF79323B50C3B009AC7BE /* Base */,
			);
			name = LaunchScreen.storyboard;
			sourceTree = "<group>";
		};
/* End PBXVariantGroup section */

/* Begin XCBuildConfiguration section */
		51FEF79623B50C3B009AC7BE /* Debug */ = {
			isa = XCBuildConfiguration;
			buildSettings = {
				ALWAYS_SEARCH_USER_PATHS = NO;
				CLANG_ANALYZER_NONNULL = YES;
				CLANG_ANALYZER_NUMBER_OBJECT_CONVERSION = YES_AGGRESSIVE;
				CLANG_CXX_LANGUAGE_STANDARD = "gnu++14";
				CLANG_CXX_LIBRARY = "libc++";
				CLANG_ENABLE_MODULES = YES;
				CLANG_ENABLE_OBJC_ARC = YES;
				CLANG_ENABLE_OBJC_WEAK = YES;
				CLANG_WARN_BLOCK_CAPTURE_AUTORELEASING = YES;
				CLANG_WARN_BOOL_CONVERSION = YES;
				CLANG_WARN_COMMA = YES;
				CLANG_WARN_CONSTANT_CONVERSION = YES;
				CLANG_WARN_DEPRECATED_OBJC_IMPLEMENTATIONS = YES;
				CLANG_WARN_DIRECT_OBJC_ISA_USAGE = YES_ERROR;
				CLANG_WARN_DOCUMENTATION_COMMENTS = YES;
				CLANG_WARN_EMPTY_BODY = YES;
				CLANG_WARN_ENUM_CONVERSION = YES;
				CLANG_WARN_INFINITE_RECURSION = YES;
				CLANG_WARN_INT_CONVERSION = YES;
				CLANG_WARN_NON_LITERAL_NULL_CONVERSION = YES;
				CLANG_WARN_OBJC_IMPLICIT_RETAIN_SELF = YES;
				CLANG_WARN_OBJC_LITERAL_CONVERSION = YES;
				CLANG_WARN_OBJC_ROOT_CLASS = YES_ERROR;
				CLANG_WARN_RANGE_LOOP_ANALYSIS = YES;
				CLANG_WARN_STRICT_PROTOTYPES = YES;
				CLANG_WARN_SUSPICIOUS_MOVE = YES;
				CLANG_WARN_UNGUARDED_AVAILABILITY = YES_AGGRESSIVE;
				CLANG_WARN_UNREACHABLE_CODE = YES;
				CLANG_WARN__DUPLICATE_METHOD_MATCH = YES;
				COPY_PHASE_STRIP = NO;
				DEBUG_INFORMATION_FORMAT = dwarf;
				ENABLE_STRICT_OBJC_MSGSEND = YES;
				ENABLE_TESTABILITY = YES;
				GCC_C_LANGUAGE_STANDARD = gnu11;
				GCC_DYNAMIC_NO_PIC = NO;
				GCC_NO_COMMON_BLOCKS = YES;
				GCC_OPTIMIZATION_LEVEL = 0;
				GCC_PREPROCESSOR_DEFINITIONS = (
					"DEBUG=1",
					"$(inherited)",
				);
				GCC_WARN_64_TO_32_BIT_CONVERSION = YES;
				GCC_WARN_ABOUT_RETURN_TYPE = YES_ERROR;
				GCC_WARN_UNDECLARED_SELECTOR = YES;
				GCC_WARN_UNINITIALIZED_AUTOS = YES_AGGRESSIVE;
				GCC_WARN_UNUSED_FUNCTION = YES;
				GCC_WARN_UNUSED_VARIABLE = YES;
				IPHONEOS_DEPLOYMENT_TARGET = 13.2;
				MTL_ENABLE_DEBUG_INFO = INCLUDE_SOURCE;
				MTL_FAST_MATH = YES;
				ONLY_ACTIVE_ARCH = YES;
				SDKROOT = iphoneos;
				SWIFT_ACTIVE_COMPILATION_CONDITIONS = DEBUG;
				SWIFT_OPTIMIZATION_LEVEL = "-Onone";
			};
			name = Debug;
		};
		51FEF79723B50C3B009AC7BE /* Release */ = {
			isa = XCBuildConfiguration;
			buildSettings = {
				ALWAYS_SEARCH_USER_PATHS = NO;
				CLANG_ANALYZER_NONNULL = YES;
				CLANG_ANALYZER_NUMBER_OBJECT_CONVERSION = YES_AGGRESSIVE;
				CLANG_CXX_LANGUAGE_STANDARD = "gnu++14";
				CLANG_CXX_LIBRARY = "libc++";
				CLANG_ENABLE_MODULES = YES;
				CLANG_ENABLE_OBJC_ARC = YES;
				CLANG_ENABLE_OBJC_WEAK = YES;
				CLANG_WARN_BLOCK_CAPTURE_AUTORELEASING = YES;
				CLANG_WARN_BOOL_CONVERSION = YES;
				CLANG_WARN_COMMA = YES;
				CLANG_WARN_CONSTANT_CONVERSION = YES;
				CLANG_WARN_DEPRECATED_OBJC_IMPLEMENTATIONS = YES;
				CLANG_WARN_DIRECT_OBJC_ISA_USAGE = YES_ERROR;
				CLANG_WARN_DOCUMENTATION_COMMENTS = YES;
				CLANG_WARN_EMPTY_BODY = YES;
				CLANG_WARN_ENUM_CONVERSION = YES;
				CLANG_WARN_INFINITE_RECURSION = YES;
				CLANG_WARN_INT_CONVERSION = YES;
				CLANG_WARN_NON_LITERAL_NULL_CONVERSION = YES;
				CLANG_WARN_OBJC_IMPLICIT_RETAIN_SELF = YES;
				CLANG_WARN_OBJC_LITERAL_CONVERSION = YES;
				CLANG_WARN_OBJC_ROOT_CLASS = YES_ERROR;
				CLANG_WARN_RANGE_LOOP_ANALYSIS = YES;
				CLANG_WARN_STRICT_PROTOTYPES = YES;
				CLANG_WARN_SUSPICIOUS_MOVE = YES;
				CLANG_WARN_UNGUARDED_AVAILABILITY = YES_AGGRESSIVE;
				CLANG_WARN_UNREACHABLE_CODE = YES;
				CLANG_WARN__DUPLICATE_METHOD_MATCH = YES;
				COPY_PHASE_STRIP = NO;
				DEBUG_INFORMATION_FORMAT = "dwarf-with-dsym";
				ENABLE_NS_ASSERTIONS = NO;
				ENABLE_STRICT_OBJC_MSGSEND = YES;
				GCC_C_LANGUAGE_STANDARD = gnu11;
				GCC_NO_COMMON_BLOCKS = YES;
				GCC_WARN_64_TO_32_BIT_CONVERSION = YES;
				GCC_WARN_ABOUT_RETURN_TYPE = YES_ERROR;
				GCC_WARN_UNDECLARED_SELECTOR = YES;
				GCC_WARN_UNINITIALIZED_AUTOS = YES_AGGRESSIVE;
				GCC_WARN_UNUSED_FUNCTION = YES;
				GCC_WARN_UNUSED_VARIABLE = YES;
				IPHONEOS_DEPLOYMENT_TARGET = 13.2;
				MTL_ENABLE_DEBUG_INFO = NO;
				MTL_FAST_MATH = YES;
				SDKROOT = iphoneos;
				SWIFT_COMPILATION_MODE = wholemodule;
				SWIFT_OPTIMIZATION_LEVEL = "-O";
				VALIDATE_PRODUCT = YES;
			};
			name = Release;
		};
		51FEF79923B50C3B009AC7BE /* Debug */ = {
			isa = XCBuildConfiguration;
			buildSettings = {
				ASSETCATALOG_COMPILER_APPICON_NAME = AppIcon;
				CODE_SIGN_ENTITLEMENTS = LibtessSPMExample/LibtessSPMExample.entitlements;
				CODE_SIGN_STYLE = Automatic;
				DERIVE_MACCATALYST_PRODUCT_BUNDLE_IDENTIFIER = YES;
				DEVELOPMENT_TEAM = R5P42D7263;
				INFOPLIST_FILE = LibtessSPMExample/Info.plist;
				LD_RUNPATH_SEARCH_PATHS = (
					"$(inherited)",
					"@executable_path/Frameworks",
				);
				PRODUCT_BUNDLE_IDENTIFIER = com.dxfproviewer.LibtessSPMExample;
				PRODUCT_NAME = "$(TARGET_NAME)";
				SUPPORTS_MACCATALYST = YES;
				SWIFT_OBJC_BRIDGING_HEADER = LibtessSPMExample/Common.h;
				SWIFT_VERSION = 5.0;
				TARGETED_DEVICE_FAMILY = "1,2";
			};
			name = Debug;
		};
		51FEF79A23B50C3B009AC7BE /* Release */ = {
			isa = XCBuildConfiguration;
			buildSettings = {
				ASSETCATALOG_COMPILER_APPICON_NAME = AppIcon;
				CODE_SIGN_ENTITLEMENTS = LibtessSPMExample/LibtessSPMExample.entitlements;
				CODE_SIGN_STYLE = Automatic;
				DERIVE_MACCATALYST_PRODUCT_BUNDLE_IDENTIFIER = YES;
				DEVELOPMENT_TEAM = R5P42D7263;
				INFOPLIST_FILE = LibtessSPMExample/Info.plist;
				LD_RUNPATH_SEARCH_PATHS = (
					"$(inherited)",
					"@executable_path/Frameworks",
				);
				PRODUCT_BUNDLE_IDENTIFIER = com.dxfproviewer.LibtessSPMExample;
				PRODUCT_NAME = "$(TARGET_NAME)";
				SUPPORTS_MACCATALYST = YES;
				SWIFT_OBJC_BRIDGING_HEADER = LibtessSPMExample/Common.h;
				SWIFT_VERSION = 5.0;
				TARGETED_DEVICE_FAMILY = "1,2";
			};
			name = Release;
		};
/* End XCBuildConfiguration section */

/* Begin XCConfigurationList section */
		51FEF77F23B50C37009AC7BE /* Build configuration list for PBXProject "LibtessSPMExample" */ = {
			isa = XCConfigurationList;
			buildConfigurations = (
				51FEF79623B50C3B009AC7BE /* Debug */,
				51FEF79723B50C3B009AC7BE /* Release */,
			);
			defaultConfigurationIsVisible = 0;
			defaultConfigurationName = Release;
		};
		51FEF79823B50C3B009AC7BE /* Build configuration list for PBXNativeTarget "LibtessSPMExample" */ = {
			isa = XCConfigurationList;
			buildConfigurations = (
				51FEF79923B50C3B009AC7BE /* Debug */,
				51FEF79A23B50C3B009AC7BE /* Release */,
			);
			defaultConfigurationIsVisible = 0;
			defaultConfigurationName = Release;
		};
/* End XCConfigurationList section */

/* Begin XCRemoteSwiftPackageReference section */
		514D430423C70EE50043DC94 /* XCRemoteSwiftPackageReference "LibtessSPM" */ = {
			isa = XCRemoteSwiftPackageReference;
			repositoryURL = "https://github.com/VasiliyShaydullin/LibtessSPM.git";
			requirement = {
				kind = exactVersion;
				version = 1.0.5;
			};
		};
/* End XCRemoteSwiftPackageReference section */

/* Begin XCSwiftPackageProductDependency section */
		514D430523C70EE50043DC94 /* LibtessSPM */ = {
			isa = XCSwiftPackageProductDependency;
			package = 514D430423C70EE50043DC94 /* XCRemoteSwiftPackageReference "LibtessSPM" */;
			productName = LibtessSPM;
		};
/* End XCSwiftPackageProductDependency section */
	};
	rootObject = 51FEF77C23B50C37009AC7BE /* Project object */;
}
